{
  "requires": true,
  "lockfileVersion": 1,
  "dependencies": {
    "recordrtc": {
      "version": "5.4.8",
      "resolved": "https://registry.npmjs.org/recordrtc/-/recordrtc-5.4.8.tgz",
      "integrity": "sha512-tY9I/ntP94Dwd8Vo68i9gSvxGJVcqUJTdZyjn4/oCQcDqGyZaGs7o1No1keVZCb1TPJ9BVG0eIXW9E2jsjoT+w=="
    }
  }
}
